{
  "name": "01_hello_world",
  "lockfileVersion": 3,
  "requires": true,
  "packages": {
    "": {
      "devDependencies": {
        "typescript": "^5.5.0-dev.20240321"
      }
    },
    "node_modules/typescript": {
      "version": "5.5.0-dev.20240321",
      "resolved": "https://registry.npmjs.org/typescript/-/typescript-5.5.0-dev.20240321.tgz",
      "integrity": "sha512-QEUqMB18VAUQBHtHlq8BfjxGZzFkavH5fhZn+I97N67mDZTa86n1S8kiRKmrbxVwPAdvn3DYtJzcGq5OvdWkmQ==",
      "dev": true,
      "bin": {
        "tsc": "bin/tsc",
        "tsserver": "bin/tsserver"
      },
      "engines": {
        "node": ">=14.17"
      }
    }
  }
}
